
Microsoft Visual Studio Solution File, Format Version 12.00
# Visual Studio 15
VisualStudioVersion = 15.0.27004.2005
MinimumVisualStudioVersion = 10.0.40219.1
Project("{2150E333-8FDC-42A3-9474-1A3956D46DE8}") = "experiments", "experiments", "{FBD72058-E1DA-4095-9FF5-CC735B537E91}"
EndProject
Project("{FAE04EC0-301F-11D3-BF4B-00C04F79EFBC}") = "FastLoli.Exp", "src\experiments\FastLoli.Exp\FastLoli.Exp.csproj", "{743487FB-6C7D-4267-BD25-B3340BF2AFDA}"
EndProject
Global
	GlobalSection(SolutionConfigurationPlatforms) = preSolution
		Debug|Any CPU = Debug|Any CPU
		Release|Any CPU = Release|Any CPU
	EndGlobalSection
	GlobalSection(ProjectConfigurationPlatforms) = postSolution
		{743487FB-6C7D-4267-BD25-B3340BF2AFDA}.Debug|Any CPU.ActiveCfg = Debug|Any CPU
		{743487FB-6C7D-4267-BD25-B3340BF2AFDA}.Debug|Any CPU.Build.0 = Debug|Any CPU
		{743487FB-6C7D-4267-BD25-B3340BF2AFDA}.Release|Any CPU.ActiveCfg = Release|Any CPU
		{743487FB-6C7D-4267-BD25-B3340BF2AFDA}.Release|Any CPU.Build.0 = Release|Any CPU
	EndGlobalSection
	GlobalSection(SolutionProperties) = preSolution
		HideSolutionNode = FALSE
	EndGlobalSection
	GlobalSection(NestedProjects) = preSolution
		{743487FB-6C7D-4267-BD25-B3340BF2AFDA} = {FBD72058-E1DA-4095-9FF5-CC735B537E91}
	EndGlobalSection
	GlobalSection(ExtensibilityGlobals) = postSolution
		SolutionGuid = {BB95E049-99AC-4D5E-89DF-4E2463F4E44A}
	EndGlobalSection
EndGlobal
